
Microsoft Visual Studio Solution File, Format Version 12.00
# Visual Studio Version 17
VisualStudioVersion = 17.9.34701.34
MinimumVisualStudioVersion = 10.0.40219.1
Project("{FAE04EC0-301F-11D3-BF4B-00C04F79EFBC}") = "Tplab1", "Tplab1.csproj", "{D66EDD53-D10D-4E3C-BBE2-14751F0D05D1}"
EndProject
Global
	GlobalSection(SolutionConfigurationPlatforms) = preSolution
		Debug|Any CPU = Debug|Any CPU
		Release|Any CPU = Release|Any CPU
	EndGlobalSection
	GlobalSection(ProjectConfigurationPlatforms) = postSolution
		{D66EDD53-D10D-4E3C-BBE2-14751F0D05D1}.Debug|Any CPU.ActiveCfg = Debug|Any CPU
		{D66EDD53-D10D-4E3C-BBE2-14751F0D05D1}.Debug|Any CPU.Build.0 = Debug|Any CPU
		{D66EDD53-D10D-4E3C-BBE2-14751F0D05D1}.Release|Any CPU.ActiveCfg = Release|Any CPU
		{D66EDD53-D10D-4E3C-BBE2-14751F0D05D1}.Release|Any CPU.Build.0 = Release|Any CPU
	EndGlobalSection
	GlobalSection(SolutionProperties) = preSolution
		HideSolutionNode = FALSE
	EndGlobalSection
	GlobalSection(ExtensibilityGlobals) = postSolution
		SolutionGuid = {ED915B51-96E9-4E3F-8FC5-191AAA3EED62}
	EndGlobalSection
EndGlobal
